{
  "pins" : [
    {
      "identity" : "waktrainercoremodels",
      "kind" : "remoteSourceControl",
      "location" : "https://github.com/iosdevbyul/WakTrainerCoreModels",
      "state" : {
        "branch" : "main",
        "revision" : "6c3870c0de8ca18ae0138f3d6f225fa839817bc5"
      }
    },
    {
      "identity" : "waktrainerdomainworkout",
      "kind" : "remoteSourceControl",
      "location" : "https://github.com/iosdevbyul/WakTrainerDomainWorkout",
      "state" : {
        "branch" : "refactor/domain-boundaries",
        "revision" : "e7092a85f4219c8ab03811c47bfd06cd57ba9c41"
      }
    },
    {
      "identity" : "waktrainerfeaturetimer",
      "kind" : "remoteSourceControl",
      "location" : "https://github.com/iosdevbyul/WakTrainerFeatureTimer",
      "state" : {
        "branch" : "main",
        "revision" : "172b3564881b9dcc8674841e88614a4b0b7a99dc"
      }
    },
    {
      "identity" : "waktrainerservicehealthkit",
      "kind" : "remoteSourceControl",
      "location" : "https://github.com/iosdevbyul/WakTrainerServiceHealthKit",
      "state" : {
        "branch" : "main",
        "revision" : "5ebd48d65490020671acc707d73a3a0fbd27de8b"
      }
    },
    {
      "identity" : "waktrainerservicelocation",
      "kind" : "remoteSourceControl",
      "location" : "https://github.com/iosdevbyul/WakTrainerServiceLocation",
      "state" : {
        "branch" : "main",
        "revision" : "f2a7d851559e5d5ffe93af396786c667732cf00a"
      }
    }
  ],
  "version" : 2
}
