{
  "pins" : [
    {
      "identity" : "waktrainercoremodels",
      "kind" : "remoteSourceControl",
      "location" : "https://github.com/iosdevbyul/WakTrainerCoreModels",
      "state" : {
        "branch" : "main",
        "revision" : "1f6cadca746dbbf6d46d5dc4457c3fd925bd1506"
      }
    },
    {
      "identity" : "waktrainerdomainworkout",
      "kind" : "remoteSourceControl",
      "location" : "https://github.com/iosdevbyul/WakTrainerDomainWorkout",
      "state" : {
        "branch" : "main",
        "revision" : "470e994bf4d3ab2af2f450fce4ad9f9fbf12e246"
      }
    },
    {
      "identity" : "waktrainerfeaturetimer",
      "kind" : "remoteSourceControl",
      "location" : "https://github.com/iosdevbyul/WakTrainerFeatureTimer",
      "state" : {
        "branch" : "main",
        "revision" : "172b3564881b9dcc8674841e88614a4b0b7a99dc"
      }
    },
    {
      "identity" : "waktrainerservicehealthkit",
      "kind" : "remoteSourceControl",
      "location" : "https://github.com/iosdevbyul/WakTrainerServiceHealthKit",
      "state" : {
        "branch" : "main",
        "revision" : "e09d9a718a6d86b99a9ec0a7a88aa7c0169c7cb4"
      }
    },
    {
      "identity" : "waktrainerservicelocation",
      "kind" : "remoteSourceControl",
      "location" : "https://github.com/iosdevbyul/WakTrainerServiceLocation",
      "state" : {
        "branch" : "main",
        "revision" : "6d5efd00e70d7cffb75273d563974bae9497e02d"
      }
    }
  ],
  "version" : 2
}
