{
  "pins" : [
    {
      "identity" : "waktrainercoremodels",
      "kind" : "remoteSourceControl",
      "location" : "https://github.com/iosdevbyul/WakTrainerCoreModels",
      "state" : {
        "branch" : "main",
        "revision" : "1f6cadca746dbbf6d46d5dc4457c3fd925bd1506"
      }
    },
    {
      "identity" : "waktrainerdomainworkout",
      "kind" : "remoteSourceControl",
      "location" : "https://github.com/iosdevbyul/WakTrainerDomainWorkout",
      "state" : {
        "branch" : "main",
        "revision" : "2a127041aca340d79df280338a21bce57c71ddc7"
      }
    },
    {
      "identity" : "waktrainerfeaturetimer",
      "kind" : "remoteSourceControl",
      "location" : "https://github.com/iosdevbyul/WakTrainerFeatureTimer",
      "state" : {
        "branch" : "main",
        "revision" : "46a6adc65b69ef3f966448d7f26084fe3dee68d7"
      }
    },
    {
      "identity" : "waktrainerservicehealthkit",
      "kind" : "remoteSourceControl",
      "location" : "https://github.com/iosdevbyul/WakTrainerServiceHealthKit",
      "state" : {
        "branch" : "main",
        "revision" : "e09d9a718a6d86b99a9ec0a7a88aa7c0169c7cb4"
      }
    },
    {
      "identity" : "waktrainerservicelocation",
      "kind" : "remoteSourceControl",
      "location" : "https://github.com/iosdevbyul/WakTrainerServiceLocation",
      "state" : {
        "branch" : "main",
        "revision" : "224c6e4f0ad2abd844d6f438618177cf1d145812"
      }
    },
    {
      "identity" : "waktrainerserviceworkoutstorage",
      "kind" : "remoteSourceControl",
      "location" : "https://github.com/iosdevbyul/WakTrainerServiceWorkoutStorage",
      "state" : {
        "branch" : "main",
        "revision" : "c786b81602745ce21334a8826332c8ec3505ff5d"
      }
    }
  ],
  "version" : 2
}
